
Microsoft Visual Studio Solution File, Format Version 12.00
# Visual Studio 15
VisualStudioVersion = 15.0.26124.0
MinimumVisualStudioVersion = 15.0.26124.0
Project("{FAE04EC0-301F-11D3-BF4B-00C04F79EFBC}") = "Domain", "Domain\Domain.csproj", "{F5FE1D4B-CD58-4D70-898C-EE5F37CA32C7}"
EndProject
Project("{FAE04EC0-301F-11D3-BF4B-00C04F79EFBC}") = "Application", "Application\Application.csproj", "{F4D94A3E-EABE-4EEA-9357-682C612E7686}"
EndProject
Project("{FAE04EC0-301F-11D3-BF4B-00C04F79EFBC}") = "Persistence", "Persistence\Persistence.csproj", "{19FE58DC-7FC7-471F-B6BA-FC38AF31A4B2}"
EndProject
Project("{FAE04EC0-301F-11D3-BF4B-00C04F79EFBC}") = "API", "API\API.csproj", "{3FED69F9-8DF6-4A66-9C83-CB83AA74A915}"
EndProject
Global
	GlobalSection(SolutionConfigurationPlatforms) = preSolution
		Debug|Any CPU = Debug|Any CPU
		Debug|x64 = Debug|x64
		Debug|x86 = Debug|x86
		Release|Any CPU = Release|Any CPU
		Release|x64 = Release|x64
		Release|x86 = Release|x86
	EndGlobalSection
	GlobalSection(SolutionProperties) = preSolution
		HideSolutionNode = FALSE
	EndGlobalSection
	GlobalSection(ProjectConfigurationPlatforms) = postSolution
		{F5FE1D4B-CD58-4D70-898C-EE5F37CA32C7}.Debug|Any CPU.ActiveCfg = Debug|Any CPU
		{F5FE1D4B-CD58-4D70-898C-EE5F37CA32C7}.Debug|Any CPU.Build.0 = Debug|Any CPU
		{F5FE1D4B-CD58-4D70-898C-EE5F37CA32C7}.Debug|x64.ActiveCfg = Debug|Any CPU
		{F5FE1D4B-CD58-4D70-898C-EE5F37CA32C7}.Debug|x64.Build.0 = Debug|Any CPU
		{F5FE1D4B-CD58-4D70-898C-EE5F37CA32C7}.Debug|x86.ActiveCfg = Debug|Any CPU
		{F5FE1D4B-CD58-4D70-898C-EE5F37CA32C7}.Debug|x86.Build.0 = Debug|Any CPU
		{F5FE1D4B-CD58-4D70-898C-EE5F37CA32C7}.Release|Any CPU.ActiveCfg = Release|Any CPU
		{F5FE1D4B-CD58-4D70-898C-EE5F37CA32C7}.Release|Any CPU.Build.0 = Release|Any CPU
		{F5FE1D4B-CD58-4D70-898C-EE5F37CA32C7}.Release|x64.ActiveCfg = Release|Any CPU
		{F5FE1D4B-CD58-4D70-898C-EE5F37CA32C7}.Release|x64.Build.0 = Release|Any CPU
		{F5FE1D4B-CD58-4D70-898C-EE5F37CA32C7}.Release|x86.ActiveCfg = Release|Any CPU
		{F5FE1D4B-CD58-4D70-898C-EE5F37CA32C7}.Release|x86.Build.0 = Release|Any CPU
		{F4D94A3E-EABE-4EEA-9357-682C612E7686}.Debug|Any CPU.ActiveCfg = Debug|Any CPU
		{F4D94A3E-EABE-4EEA-9357-682C612E7686}.Debug|Any CPU.Build.0 = Debug|Any CPU
		{F4D94A3E-EABE-4EEA-9357-682C612E7686}.Debug|x64.ActiveCfg = Debug|Any CPU
		{F4D94A3E-EABE-4EEA-9357-682C612E7686}.Debug|x64.Build.0 = Debug|Any CPU
		{F4D94A3E-EABE-4EEA-9357-682C612E7686}.Debug|x86.ActiveCfg = Debug|Any CPU
		{F4D94A3E-EABE-4EEA-9357-682C612E7686}.Debug|x86.Build.0 = Debug|Any CPU
		{F4D94A3E-EABE-4EEA-9357-682C612E7686}.Release|Any CPU.ActiveCfg = Release|Any CPU
		{F4D94A3E-EABE-4EEA-9357-682C612E7686}.Release|Any CPU.Build.0 = Release|Any CPU
		{F4D94A3E-EABE-4EEA-9357-682C612E7686}.Release|x64.ActiveCfg = Release|Any CPU
		{F4D94A3E-EABE-4EEA-9357-682C612E7686}.Release|x64.Build.0 = Release|Any CPU
		{F4D94A3E-EABE-4EEA-9357-682C612E7686}.Release|x86.ActiveCfg = Release|Any CPU
		{F4D94A3E-EABE-4EEA-9357-682C612E7686}.Release|x86.Build.0 = Release|Any CPU
		{19FE58DC-7FC7-471F-B6BA-FC38AF31A4B2}.Debug|Any CPU.ActiveCfg = Debug|Any CPU
		{19FE58DC-7FC7-471F-B6BA-FC38AF31A4B2}.Debug|Any CPU.Build.0 = Debug|Any CPU
		{19FE58DC-7FC7-471F-B6BA-FC38AF31A4B2}.Debug|x64.ActiveCfg = Debug|Any CPU
		{19FE58DC-7FC7-471F-B6BA-FC38AF31A4B2}.Debug|x64.Build.0 = Debug|Any CPU
		{19FE58DC-7FC7-471F-B6BA-FC38AF31A4B2}.Debug|x86.ActiveCfg = Debug|Any CPU
		{19FE58DC-7FC7-471F-B6BA-FC38AF31A4B2}.Debug|x86.Build.0 = Debug|Any CPU
		{19FE58DC-7FC7-471F-B6BA-FC38AF31A4B2}.Release|Any CPU.ActiveCfg = Release|Any CPU
		{19FE58DC-7FC7-471F-B6BA-FC38AF31A4B2}.Release|Any CPU.Build.0 = Release|Any CPU
		{19FE58DC-7FC7-471F-B6BA-FC38AF31A4B2}.Release|x64.ActiveCfg = Release|Any CPU
		{19FE58DC-7FC7-471F-B6BA-FC38AF31A4B2}.Release|x64.Build.0 = Release|Any CPU
		{19FE58DC-7FC7-471F-B6BA-FC38AF31A4B2}.Release|x86.ActiveCfg = Release|Any CPU
		{19FE58DC-7FC7-471F-B6BA-FC38AF31A4B2}.Release|x86.Build.0 = Release|Any CPU
		{3FED69F9-8DF6-4A66-9C83-CB83AA74A915}.Debug|Any CPU.ActiveCfg = Debug|Any CPU
		{3FED69F9-8DF6-4A66-9C83-CB83AA74A915}.Debug|Any CPU.Build.0 = Debug|Any CPU
		{3FED69F9-8DF6-4A66-9C83-CB83AA74A915}.Debug|x64.ActiveCfg = Debug|Any CPU
		{3FED69F9-8DF6-4A66-9C83-CB83AA74A915}.Debug|x64.Build.0 = Debug|Any CPU
		{3FED69F9-8DF6-4A66-9C83-CB83AA74A915}.Debug|x86.ActiveCfg = Debug|Any CPU
		{3FED69F9-8DF6-4A66-9C83-CB83AA74A915}.Debug|x86.Build.0 = Debug|Any CPU
		{3FED69F9-8DF6-4A66-9C83-CB83AA74A915}.Release|Any CPU.ActiveCfg = Release|Any CPU
		{3FED69F9-8DF6-4A66-9C83-CB83AA74A915}.Release|Any CPU.Build.0 = Release|Any CPU
		{3FED69F9-8DF6-4A66-9C83-CB83AA74A915}.Release|x64.ActiveCfg = Release|Any CPU
		{3FED69F9-8DF6-4A66-9C83-CB83AA74A915}.Release|x64.Build.0 = Release|Any CPU
		{3FED69F9-8DF6-4A66-9C83-CB83AA74A915}.Release|x86.ActiveCfg = Release|Any CPU
		{3FED69F9-8DF6-4A66-9C83-CB83AA74A915}.Release|x86.Build.0 = Release|Any CPU
	EndGlobalSection
EndGlobal
